
Microsoft Visual Studio Solution File, Format Version 12.00
# Visual Studio Version 17
VisualStudioVersion = 17.7.34003.232
MinimumVisualStudioVersion = 10.0.40219.1
Project("{FAE04EC0-301F-11D3-BF4B-00C04F79EFBC}") = "StackTracerTests", "StackTracerTests\StackTracerTests.csproj", "{1E80FFD1-873E-4C34-87C2-B1E29D666C8B}"
EndProject
Global
	GlobalSection(SolutionConfigurationPlatforms) = preSolution
		Debug|Any CPU = Debug|Any CPU
		Release|Any CPU = Release|Any CPU
	EndGlobalSection
	GlobalSection(ProjectConfigurationPlatforms) = postSolution
		{1E80FFD1-873E-4C34-87C2-B1E29D666C8B}.Debug|Any CPU.ActiveCfg = Debug|Any CPU
		{1E80FFD1-873E-4C34-87C2-B1E29D666C8B}.Debug|Any CPU.Build.0 = Debug|Any CPU
		{1E80FFD1-873E-4C34-87C2-B1E29D666C8B}.Release|Any CPU.ActiveCfg = Release|Any CPU
		{1E80FFD1-873E-4C34-87C2-B1E29D666C8B}.Release|Any CPU.Build.0 = Release|Any CPU
	EndGlobalSection
	GlobalSection(SolutionProperties) = preSolution
		HideSolutionNode = FALSE
	EndGlobalSection
	GlobalSection(ExtensibilityGlobals) = postSolution
		SolutionGuid = {CF5DD3EB-1ADE-46D5-AAA3-B2A61176DCD6}
	EndGlobalSection
EndGlobal
